
Microsoft Visual Studio Solution File, Format Version 12.00
# Visual Studio Version 16
VisualStudioVersion = 16.0.31911.196
MinimumVisualStudioVersion = 10.0.40219.1
Project("{FAE04EC0-301F-11D3-BF4B-00C04F79EFBC}") = "AbaxOppgave", "AbaxOppgave\AbaxOppgave.csproj", "{68014B3C-FC52-4261-83CB-3DBC8D79FCAD}"
EndProject
Global
	GlobalSection(SolutionConfigurationPlatforms) = preSolution
		Debug|Any CPU = Debug|Any CPU
		Release|Any CPU = Release|Any CPU
	EndGlobalSection
	GlobalSection(ProjectConfigurationPlatforms) = postSolution
		{68014B3C-FC52-4261-83CB-3DBC8D79FCAD}.Debug|Any CPU.ActiveCfg = Debug|Any CPU
		{68014B3C-FC52-4261-83CB-3DBC8D79FCAD}.Debug|Any CPU.Build.0 = Debug|Any CPU
		{68014B3C-FC52-4261-83CB-3DBC8D79FCAD}.Release|Any CPU.ActiveCfg = Release|Any CPU
		{68014B3C-FC52-4261-83CB-3DBC8D79FCAD}.Release|Any CPU.Build.0 = Release|Any CPU
	EndGlobalSection
	GlobalSection(SolutionProperties) = preSolution
		HideSolutionNode = FALSE
	EndGlobalSection
	GlobalSection(ExtensibilityGlobals) = postSolution
		SolutionGuid = {DFD1DD7E-A919-470D-8F45-930825080B38}
	EndGlobalSection
EndGlobal
